
Microsoft Visual Studio Solution File, Format Version 12.00
# Visual Studio Version 16
VisualStudioVersion = 16.0.31220.234
MinimumVisualStudioVersion = 10.0.40219.1
Project("{FAE04EC0-301F-11D3-BF4B-00C04F79EFBC}") = "BharatSetu.UWP", "BharatSetu\BharatSetu.UWP\BharatSetu.UWP.csproj", "{C6AB2112-2D1D-4721-8FF2-36DA583F0483}"
EndProject
Project("{FAE04EC0-301F-11D3-BF4B-00C04F79EFBC}") = "BharatSetu.Android", "BharatSetu\BharatSetu.Android\BharatSetu.Android.csproj", "{A1BB3260-3EAB-448A-AC54-0977BEEC5BEB}"
EndProject
Project("{FAE04EC0-301F-11D3-BF4B-00C04F79EFBC}") = "BharatSetu.iOS", "BharatSetu\BharatSetu.iOS\BharatSetu.iOS.csproj", "{B74718DB-BD2C-4C39-8955-5D2292F3A6A5}"
EndProject
Project("{9A19103F-16F7-4668-BE54-9A1E7A4F7556}") = "BharatSetu", "BharatSetu\BharatSetu\BharatSetu.csproj", "{565951AF-3D73-4E6E-9163-AD8C979D5977}"
EndProject
Global
	GlobalSection(SolutionConfigurationPlatforms) = preSolution
		Debug|Any CPU = Debug|Any CPU
		Debug|ARM = Debug|ARM
		Debug|iPhone = Debug|iPhone
		Debug|iPhoneSimulator = Debug|iPhoneSimulator
		Debug|x64 = Debug|x64
		Debug|x86 = Debug|x86
		Release|Any CPU = Release|Any CPU
		Release|ARM = Release|ARM
		Release|iPhone = Release|iPhone
		Release|iPhoneSimulator = Release|iPhoneSimulator
		Release|x64 = Release|x64
		Release|x86 = Release|x86
	EndGlobalSection
	GlobalSection(ProjectConfigurationPlatforms) = postSolution
		{C6AB2112-2D1D-4721-8FF2-36DA583F0483}.Debug|Any CPU.ActiveCfg = Debug|x86
		{C6AB2112-2D1D-4721-8FF2-36DA583F0483}.Debug|Any CPU.Build.0 = Debug|x86
		{C6AB2112-2D1D-4721-8FF2-36DA583F0483}.Debug|Any CPU.Deploy.0 = Debug|x86
		{C6AB2112-2D1D-4721-8FF2-36DA583F0483}.Debug|ARM.ActiveCfg = Debug|ARM
		{C6AB2112-2D1D-4721-8FF2-36DA583F0483}.Debug|ARM.Build.0 = Debug|ARM
		{C6AB2112-2D1D-4721-8FF2-36DA583F0483}.Debug|ARM.Deploy.0 = Debug|ARM
		{C6AB2112-2D1D-4721-8FF2-36DA583F0483}.Debug|iPhone.ActiveCfg = Debug|x86
		{C6AB2112-2D1D-4721-8FF2-36DA583F0483}.Debug|iPhone.Build.0 = Debug|x86
		{C6AB2112-2D1D-4721-8FF2-36DA583F0483}.Debug|iPhone.Deploy.0 = Debug|x86
		{C6AB2112-2D1D-4721-8FF2-36DA583F0483}.Debug|iPhoneSimulator.ActiveCfg = Debug|x86
		{C6AB2112-2D1D-4721-8FF2-36DA583F0483}.Debug|iPhoneSimulator.Build.0 = Debug|x86
		{C6AB2112-2D1D-4721-8FF2-36DA583F0483}.Debug|iPhoneSimulator.Deploy.0 = Debug|x86
		{C6AB2112-2D1D-4721-8FF2-36DA583F0483}.Debug|x64.ActiveCfg = Debug|x64
		{C6AB2112-2D1D-4721-8FF2-36DA583F0483}.Debug|x64.Build.0 = Debug|x64
		{C6AB2112-2D1D-4721-8FF2-36DA583F0483}.Debug|x64.Deploy.0 = Debug|x64
		{C6AB2112-2D1D-4721-8FF2-36DA583F0483}.Debug|x86.ActiveCfg = Debug|x86
		{C6AB2112-2D1D-4721-8FF2-36DA583F0483}.Debug|x86.Build.0 = Debug|x86
		{C6AB2112-2D1D-4721-8FF2-36DA583F0483}.Debug|x86.Deploy.0 = Debug|x86
		{C6AB2112-2D1D-4721-8FF2-36DA583F0483}.Release|Any CPU.ActiveCfg = Release|x86
		{C6AB2112-2D1D-4721-8FF2-36DA583F0483}.Release|Any CPU.Build.0 = Release|x86
		{C6AB2112-2D1D-4721-8FF2-36DA583F0483}.Release|Any CPU.Deploy.0 = Release|x86
		{C6AB2112-2D1D-4721-8FF2-36DA583F0483}.Release|ARM.ActiveCfg = Release|ARM
		{C6AB2112-2D1D-4721-8FF2-36DA583F0483}.Release|ARM.Build.0 = Release|ARM
		{C6AB2112-2D1D-4721-8FF2-36DA583F0483}.Release|ARM.Deploy.0 = Release|ARM
		{C6AB2112-2D1D-4721-8FF2-36DA583F0483}.Release|iPhone.ActiveCfg = Release|x86
		{C6AB2112-2D1D-4721-8FF2-36DA583F0483}.Release|iPhone.Build.0 = Release|x86
		{C6AB2112-2D1D-4721-8FF2-36DA583F0483}.Release|iPhone.Deploy.0 = Release|x86
		{C6AB2112-2D1D-4721-8FF2-36DA583F0483}.Release|iPhoneSimulator.ActiveCfg = Release|x86
		{C6AB2112-2D1D-4721-8FF2-36DA583F0483}.Release|iPhoneSimulator.Build.0 = Release|x86
		{C6AB2112-2D1D-4721-8FF2-36DA583F0483}.Release|iPhoneSimulator.Deploy.0 = Release|x86
		{C6AB2112-2D1D-4721-8FF2-36DA583F0483}.Release|x64.ActiveCfg = Release|x64
		{C6AB2112-2D1D-4721-8FF2-36DA583F0483}.Release|x64.Build.0 = Release|x64
		{C6AB2112-2D1D-4721-8FF2-36DA583F0483}.Release|x64.Deploy.0 = Release|x64
		{C6AB2112-2D1D-4721-8FF2-36DA583F0483}.Release|x86.ActiveCfg = Release|x86
		{C6AB2112-2D1D-4721-8FF2-36DA583F0483}.Release|x86.Build.0 = Release|x86
		{C6AB2112-2D1D-4721-8FF2-36DA583F0483}.Release|x86.Deploy.0 = Release|x86
		{A1BB3260-3EAB-448A-AC54-0977BEEC5BEB}.Debug|Any CPU.ActiveCfg = Debug|Any CPU
		{A1BB3260-3EAB-448A-AC54-0977BEEC5BEB}.Debug|Any CPU.Build.0 = Debug|Any CPU
		{A1BB3260-3EAB-448A-AC54-0977BEEC5BEB}.Debug|Any CPU.Deploy.0 = Debug|Any CPU
		{A1BB3260-3EAB-448A-AC54-0977BEEC5BEB}.Debug|ARM.ActiveCfg = Debug|Any CPU
		{A1BB3260-3EAB-448A-AC54-0977BEEC5BEB}.Debug|ARM.Build.0 = Debug|Any CPU
		{A1BB3260-3EAB-448A-AC54-0977BEEC5BEB}.Debug|ARM.Deploy.0 = Debug|Any CPU
		{A1BB3260-3EAB-448A-AC54-0977BEEC5BEB}.Debug|iPhone.ActiveCfg = Debug|Any CPU
		{A1BB3260-3EAB-448A-AC54-0977BEEC5BEB}.Debug|iPhone.Build.0 = Debug|Any CPU
		{A1BB3260-3EAB-448A-AC54-0977BEEC5BEB}.Debug|iPhone.Deploy.0 = Debug|Any CPU
		{A1BB3260-3EAB-448A-AC54-0977BEEC5BEB}.Debug|iPhoneSimulator.ActiveCfg = Debug|Any CPU
		{A1BB3260-3EAB-448A-AC54-0977BEEC5BEB}.Debug|iPhoneSimulator.Build.0 = Debug|Any CPU
		{A1BB3260-3EAB-448A-AC54-0977BEEC5BEB}.Debug|iPhoneSimulator.Deploy.0 = Debug|Any CPU
		{A1BB3260-3EAB-448A-AC54-0977BEEC5BEB}.Debug|x64.ActiveCfg = Debug|Any CPU
		{A1BB3260-3EAB-448A-AC54-0977BEEC5BEB}.Debug|x64.Build.0 = Debug|Any CPU
		{A1BB3260-3EAB-448A-AC54-0977BEEC5BEB}.Debug|x64.Deploy.0 = Debug|Any CPU
		{A1BB3260-3EAB-448A-AC54-0977BEEC5BEB}.Debug|x86.ActiveCfg = Debug|Any CPU
		{A1BB3260-3EAB-448A-AC54-0977BEEC5BEB}.Debug|x86.Build.0 = Debug|Any CPU
		{A1BB3260-3EAB-448A-AC54-0977BEEC5BEB}.Debug|x86.Deploy.0 = Debug|Any CPU
		{A1BB3260-3EAB-448A-AC54-0977BEEC5BEB}.Release|Any CPU.ActiveCfg = Release|Any CPU
		{A1BB3260-3EAB-448A-AC54-0977BEEC5BEB}.Release|Any CPU.Build.0 = Release|Any CPU
		{A1BB3260-3EAB-448A-AC54-0977BEEC5BEB}.Release|Any CPU.Deploy.0 = Release|Any CPU
		{A1BB3260-3EAB-448A-AC54-0977BEEC5BEB}.Release|ARM.ActiveCfg = Release|Any CPU
		{A1BB3260-3EAB-448A-AC54-0977BEEC5BEB}.Release|ARM.Build.0 = Release|Any CPU
		{A1BB3260-3EAB-448A-AC54-0977BEEC5BEB}.Release|ARM.Deploy.0 = Release|Any CPU
		{A1BB3260-3EAB-448A-AC54-0977BEEC5BEB}.Release|iPhone.ActiveCfg = Release|Any CPU
		{A1BB3260-3EAB-448A-AC54-0977BEEC5BEB}.Release|iPhone.Build.0 = Release|Any CPU
		{A1BB3260-3EAB-448A-AC54-0977BEEC5BEB}.Release|iPhone.Deploy.0 = Release|Any CPU
		{A1BB3260-3EAB-448A-AC54-0977BEEC5BEB}.Release|iPhoneSimulator.ActiveCfg = Release|Any CPU
		{A1BB3260-3EAB-448A-AC54-0977BEEC5BEB}.Release|iPhoneSimulator.Build.0 = Release|Any CPU
		{A1BB3260-3EAB-448A-AC54-0977BEEC5BEB}.Release|iPhoneSimulator.Deploy.0 = Release|Any CPU
		{A1BB3260-3EAB-448A-AC54-0977BEEC5BEB}.Release|x64.ActiveCfg = Release|Any CPU
		{A1BB3260-3EAB-448A-AC54-0977BEEC5BEB}.Release|x64.Build.0 = Release|Any CPU
		{A1BB3260-3EAB-448A-AC54-0977BEEC5BEB}.Release|x64.Deploy.0 = Release|Any CPU
		{A1BB3260-3EAB-448A-AC54-0977BEEC5BEB}.Release|x86.ActiveCfg = Release|Any CPU
		{A1BB3260-3EAB-448A-AC54-0977BEEC5BEB}.Release|x86.Build.0 = Release|Any CPU
		{A1BB3260-3EAB-448A-AC54-0977BEEC5BEB}.Release|x86.Deploy.0 = Release|Any CPU
		{B74718DB-BD2C-4C39-8955-5D2292F3A6A5}.Debug|Any CPU.ActiveCfg = Debug|iPhoneSimulator
		{B74718DB-BD2C-4C39-8955-5D2292F3A6A5}.Debug|Any CPU.Build.0 = Debug|iPhoneSimulator
		{B74718DB-BD2C-4C39-8955-5D2292F3A6A5}.Debug|Any CPU.Deploy.0 = Debug|iPhoneSimulator
		{B74718DB-BD2C-4C39-8955-5D2292F3A6A5}.Debug|ARM.ActiveCfg = Debug|iPhone
		{B74718DB-BD2C-4C39-8955-5D2292F3A6A5}.Debug|ARM.Build.0 = Debug|iPhone
		{B74718DB-BD2C-4C39-8955-5D2292F3A6A5}.Debug|ARM.Deploy.0 = Debug|iPhone
		{B74718DB-BD2C-4C39-8955-5D2292F3A6A5}.Debug|iPhone.ActiveCfg = Debug|iPhone
		{B74718DB-BD2C-4C39-8955-5D2292F3A6A5}.Debug|iPhone.Build.0 = Debug|iPhone
		{B74718DB-BD2C-4C39-8955-5D2292F3A6A5}.Debug|iPhone.Deploy.0 = Debug|iPhone
		{B74718DB-BD2C-4C39-8955-5D2292F3A6A5}.Debug|iPhoneSimulator.ActiveCfg = Debug|iPhoneSimulator
		{B74718DB-BD2C-4C39-8955-5D2292F3A6A5}.Debug|iPhoneSimulator.Build.0 = Debug|iPhoneSimulator
		{B74718DB-BD2C-4C39-8955-5D2292F3A6A5}.Debug|iPhoneSimulator.Deploy.0 = Debug|iPhoneSimulator
		{B74718DB-BD2C-4C39-8955-5D2292F3A6A5}.Debug|x64.ActiveCfg = Debug|iPhoneSimulator
		{B74718DB-BD2C-4C39-8955-5D2292F3A6A5}.Debug|x64.Build.0 = Debug|iPhoneSimulator
		{B74718DB-BD2C-4C39-8955-5D2292F3A6A5}.Debug|x64.Deploy.0 = Debug|iPhoneSimulator
		{B74718DB-BD2C-4C39-8955-5D2292F3A6A5}.Debug|x86.ActiveCfg = Debug|iPhoneSimulator
		{B74718DB-BD2C-4C39-8955-5D2292F3A6A5}.Debug|x86.Build.0 = Debug|iPhoneSimulator
		{B74718DB-BD2C-4C39-8955-5D2292F3A6A5}.Debug|x86.Deploy.0 = Debug|iPhoneSimulator
		{B74718DB-BD2C-4C39-8955-5D2292F3A6A5}.Release|Any CPU.ActiveCfg = Release|iPhoneSimulator
		{B74718DB-BD2C-4C39-8955-5D2292F3A6A5}.Release|Any CPU.Build.0 = Release|iPhoneSimulator
		{B74718DB-BD2C-4C39-8955-5D2292F3A6A5}.Release|Any CPU.Deploy.0 = Release|iPhoneSimulator
		{B74718DB-BD2C-4C39-8955-5D2292F3A6A5}.Release|ARM.ActiveCfg = Release|iPhoneSimulator
		{B74718DB-BD2C-4C39-8955-5D2292F3A6A5}.Release|ARM.Build.0 = Release|iPhoneSimulator
		{B74718DB-BD2C-4C39-8955-5D2292F3A6A5}.Release|ARM.Deploy.0 = Release|iPhoneSimulator
		{B74718DB-BD2C-4C39-8955-5D2292F3A6A5}.Release|iPhone.ActiveCfg = Release|iPhone
		{B74718DB-BD2C-4C39-8955-5D2292F3A6A5}.Release|iPhone.Build.0 = Release|iPhone
		{B74718DB-BD2C-4C39-8955-5D2292F3A6A5}.Release|iPhone.Deploy.0 = Release|iPhone
		{B74718DB-BD2C-4C39-8955-5D2292F3A6A5}.Release|iPhoneSimulator.ActiveCfg = Release|iPhoneSimulator
		{B74718DB-BD2C-4C39-8955-5D2292F3A6A5}.Release|iPhoneSimulator.Build.0 = Release|iPhoneSimulator
		{B74718DB-BD2C-4C39-8955-5D2292F3A6A5}.Release|iPhoneSimulator.Deploy.0 = Release|iPhoneSimulator
		{B74718DB-BD2C-4C39-8955-5D2292F3A6A5}.Release|x64.ActiveCfg = Release|iPhoneSimulator
		{B74718DB-BD2C-4C39-8955-5D2292F3A6A5}.Release|x64.Build.0 = Release|iPhoneSimulator
		{B74718DB-BD2C-4C39-8955-5D2292F3A6A5}.Release|x64.Deploy.0 = Release|iPhoneSimulator
		{B74718DB-BD2C-4C39-8955-5D2292F3A6A5}.Release|x86.ActiveCfg = Release|iPhoneSimulator
		{B74718DB-BD2C-4C39-8955-5D2292F3A6A5}.Release|x86.Build.0 = Release|iPhoneSimulator
		{B74718DB-BD2C-4C39-8955-5D2292F3A6A5}.Release|x86.Deploy.0 = Release|iPhoneSimulator
		{565951AF-3D73-4E6E-9163-AD8C979D5977}.Debug|Any CPU.ActiveCfg = Debug|Any CPU
		{565951AF-3D73-4E6E-9163-AD8C979D5977}.Debug|Any CPU.Build.0 = Debug|Any CPU
		{565951AF-3D73-4E6E-9163-AD8C979D5977}.Debug|Any CPU.Deploy.0 = Debug|Any CPU
		{565951AF-3D73-4E6E-9163-AD8C979D5977}.Debug|ARM.ActiveCfg = Debug|Any CPU
		{565951AF-3D73-4E6E-9163-AD8C979D5977}.Debug|ARM.Build.0 = Debug|Any CPU
		{565951AF-3D73-4E6E-9163-AD8C979D5977}.Debug|ARM.Deploy.0 = Debug|Any CPU
		{565951AF-3D73-4E6E-9163-AD8C979D5977}.Debug|iPhone.ActiveCfg = Debug|Any CPU
		{565951AF-3D73-4E6E-9163-AD8C979D5977}.Debug|iPhone.Build.0 = Debug|Any CPU
		{565951AF-3D73-4E6E-9163-AD8C979D5977}.Debug|iPhone.Deploy.0 = Debug|Any CPU
		{565951AF-3D73-4E6E-9163-AD8C979D5977}.Debug|iPhoneSimulator.ActiveCfg = Debug|Any CPU
		{565951AF-3D73-4E6E-9163-AD8C979D5977}.Debug|iPhoneSimulator.Build.0 = Debug|Any CPU
		{565951AF-3D73-4E6E-9163-AD8C979D5977}.Debug|iPhoneSimulator.Deploy.0 = Debug|Any CPU
		{565951AF-3D73-4E6E-9163-AD8C979D5977}.Debug|x64.ActiveCfg = Debug|Any CPU
		{565951AF-3D73-4E6E-9163-AD8C979D5977}.Debug|x64.Build.0 = Debug|Any CPU
		{565951AF-3D73-4E6E-9163-AD8C979D5977}.Debug|x64.Deploy.0 = Debug|Any CPU
		{565951AF-3D73-4E6E-9163-AD8C979D5977}.Debug|x86.ActiveCfg = Debug|Any CPU
		{565951AF-3D73-4E6E-9163-AD8C979D5977}.Debug|x86.Build.0 = Debug|Any CPU
		{565951AF-3D73-4E6E-9163-AD8C979D5977}.Debug|x86.Deploy.0 = Debug|Any CPU
		{565951AF-3D73-4E6E-9163-AD8C979D5977}.Release|Any CPU.ActiveCfg = Release|Any CPU
		{565951AF-3D73-4E6E-9163-AD8C979D5977}.Release|Any CPU.Build.0 = Release|Any CPU
		{565951AF-3D73-4E6E-9163-AD8C979D5977}.Release|Any CPU.Deploy.0 = Release|Any CPU
		{565951AF-3D73-4E6E-9163-AD8C979D5977}.Release|ARM.ActiveCfg = Release|Any CPU
		{565951AF-3D73-4E6E-9163-AD8C979D5977}.Release|ARM.Build.0 = Release|Any CPU
		{565951AF-3D73-4E6E-9163-AD8C979D5977}.Release|ARM.Deploy.0 = Release|Any CPU
		{565951AF-3D73-4E6E-9163-AD8C979D5977}.Release|iPhone.ActiveCfg = Release|Any CPU
		{565951AF-3D73-4E6E-9163-AD8C979D5977}.Release|iPhone.Build.0 = Release|Any CPU
		{565951AF-3D73-4E6E-9163-AD8C979D5977}.Release|iPhone.Deploy.0 = Release|Any CPU
		{565951AF-3D73-4E6E-9163-AD8C979D5977}.Release|iPhoneSimulator.ActiveCfg = Release|Any CPU
		{565951AF-3D73-4E6E-9163-AD8C979D5977}.Release|iPhoneSimulator.Build.0 = Release|Any CPU
		{565951AF-3D73-4E6E-9163-AD8C979D5977}.Release|iPhoneSimulator.Deploy.0 = Release|Any CPU
		{565951AF-3D73-4E6E-9163-AD8C979D5977}.Release|x64.ActiveCfg = Release|Any CPU
		{565951AF-3D73-4E6E-9163-AD8C979D5977}.Release|x64.Build.0 = Release|Any CPU
		{565951AF-3D73-4E6E-9163-AD8C979D5977}.Release|x64.Deploy.0 = Release|Any CPU
		{565951AF-3D73-4E6E-9163-AD8C979D5977}.Release|x86.ActiveCfg = Release|Any CPU
		{565951AF-3D73-4E6E-9163-AD8C979D5977}.Release|x86.Build.0 = Release|Any CPU
		{565951AF-3D73-4E6E-9163-AD8C979D5977}.Release|x86.Deploy.0 = Release|Any CPU
	EndGlobalSection
	GlobalSection(SolutionProperties) = preSolution
		HideSolutionNode = FALSE
	EndGlobalSection
	GlobalSection(ExtensibilityGlobals) = postSolution
		SolutionGuid = {454C1B09-6D14-4468-AC43-5F99CAF52FBF}
	EndGlobalSection
EndGlobal
